
Microsoft Visual Studio Solution File, Format Version 12.00
# Visual Studio Version 17
VisualStudioVersion = 17.8.34525.116
MinimumVisualStudioVersion = 10.0.40219.1
Project("{FAE04EC0-301F-11D3-BF4B-00C04F79EFBC}") = "CsvDataLoader", "CsvDataLoader\CsvDataLoader.csproj", "{979DBCB5-0BF1-41C4-8EAD-A3207F3FB05A}"
EndProject
Global
	GlobalSection(SolutionConfigurationPlatforms) = preSolution
		Debug|Any CPU = Debug|Any CPU
		Release|Any CPU = Release|Any CPU
	EndGlobalSection
	GlobalSection(ProjectConfigurationPlatforms) = postSolution
		{979DBCB5-0BF1-41C4-8EAD-A3207F3FB05A}.Debug|Any CPU.ActiveCfg = Debug|Any CPU
		{979DBCB5-0BF1-41C4-8EAD-A3207F3FB05A}.Debug|Any CPU.Build.0 = Debug|Any CPU
		{979DBCB5-0BF1-41C4-8EAD-A3207F3FB05A}.Release|Any CPU.ActiveCfg = Release|Any CPU
		{979DBCB5-0BF1-41C4-8EAD-A3207F3FB05A}.Release|Any CPU.Build.0 = Release|Any CPU
	EndGlobalSection
	GlobalSection(SolutionProperties) = preSolution
		HideSolutionNode = FALSE
	EndGlobalSection
	GlobalSection(ExtensibilityGlobals) = postSolution
		SolutionGuid = {1F86ACDC-5EF7-4B23-934B-5859C6FCEE46}
	EndGlobalSection
EndGlobal
